
Microsoft Visual Studio Solution File, Format Version 12.00
# Visual Studio 15
VisualStudioVersion = 15.0.28010.2036
MinimumVisualStudioVersion = 10.0.40219.1
Project("{FAE04EC0-301F-11D3-BF4B-00C04F79EFBC}") = "GrandCircusLab4", "GrandCircusLab4\GrandCircusLab4.csproj", "{55FF545B-22D5-4F97-86F3-09106C2CB9C5}"
EndProject
Global
	GlobalSection(SolutionConfigurationPlatforms) = preSolution
		Debug|Any CPU = Debug|Any CPU
		Release|Any CPU = Release|Any CPU
	EndGlobalSection
	GlobalSection(ProjectConfigurationPlatforms) = postSolution
		{55FF545B-22D5-4F97-86F3-09106C2CB9C5}.Debug|Any CPU.ActiveCfg = Debug|Any CPU
		{55FF545B-22D5-4F97-86F3-09106C2CB9C5}.Debug|Any CPU.Build.0 = Debug|Any CPU
		{55FF545B-22D5-4F97-86F3-09106C2CB9C5}.Release|Any CPU.ActiveCfg = Release|Any CPU
		{55FF545B-22D5-4F97-86F3-09106C2CB9C5}.Release|Any CPU.Build.0 = Release|Any CPU
	EndGlobalSection
	GlobalSection(SolutionProperties) = preSolution
		HideSolutionNode = FALSE
	EndGlobalSection
	GlobalSection(ExtensibilityGlobals) = postSolution
		SolutionGuid = {E48A8A7A-B166-4113-9869-FBC7F97E0EF2}
	EndGlobalSection
EndGlobal
